
Microsoft Visual Studio Solution File, Format Version 12.00
# Visual Studio 15
VisualStudioVersion = 15.0.26730.3
MinimumVisualStudioVersion = 10.0.40219.1
Project("{FAE04EC0-301F-11D3-BF4B-00C04F79EFBC}") = "WebsocketService", "WebsocketService\WebsocketService.csproj", "{4EE14A87-1FA6-47C9-9450-92825C1BB96A}"
EndProject
Global
	GlobalSection(SolutionConfigurationPlatforms) = preSolution
		Debug|Any CPU = Debug|Any CPU
		Release|Any CPU = Release|Any CPU
	EndGlobalSection
	GlobalSection(ProjectConfigurationPlatforms) = postSolution
		{4EE14A87-1FA6-47C9-9450-92825C1BB96A}.Debug|Any CPU.ActiveCfg = Debug|Any CPU
		{4EE14A87-1FA6-47C9-9450-92825C1BB96A}.Debug|Any CPU.Build.0 = Debug|Any CPU
		{4EE14A87-1FA6-47C9-9450-92825C1BB96A}.Release|Any CPU.ActiveCfg = Release|Any CPU
		{4EE14A87-1FA6-47C9-9450-92825C1BB96A}.Release|Any CPU.Build.0 = Release|Any CPU
	EndGlobalSection
	GlobalSection(SolutionProperties) = preSolution
		HideSolutionNode = FALSE
	EndGlobalSection
	GlobalSection(ExtensibilityGlobals) = postSolution
		SolutionGuid = {05493D52-AB8D-46F3-AA6B-69B31CEB59D9}
	EndGlobalSection
EndGlobal
